// !$*UTF8*$!
{
	archiveVersion = 1;
	classes = {
	};
	objectVersion = 56;
	objects = {

/* Begin PBXBuildFile section */
		C40C9D1B2D5A316000007BEB /* Message.swift in Sources */ = {isa = PBXBuildFile; fileRef = C40C9D1A2D5A316000007BEB /* Message.swift */; };
		C40C9D1D2D5B817600007BEB /* SdkInfo.swift in Sources */ = {isa = PBXBuildFile; fileRef = C40C9D1C2D5B817600007BEB /* SdkInfo.swift */; };
		C41348D12C54FC9300F2C4F2 /* Watcher.swift in Sources */ = {isa = PBXBuildFile; fileRef = C41348D02C54FC9300F2C4F2 /* Watcher.swift */; };
		C43B5AF12C4D4BC100D1C9C1 /* Payload.swift in Sources */ = {isa = PBXBuildFile; fileRef = C43B5AF02C4D4BC100D1C9C1 /* Payload.swift */; };
		C43B5B482C5146B700D1C9C1 /* MiniPubSubTests.swift in Sources */ = {isa = PBXBuildFile; fileRef = C43B5B472C5146B700D1C9C1 /* MiniPubSubTests.swift */; };
		C43B5B492C5146B700D1C9C1 /* MiniPubSub.framework in Frameworks */ = {isa = PBXBuildFile; fileRef = C4B08F4B2B5A3E7A0082917E /* MiniPubSub.framework */; };
		C4475BB12D8FF61300B68CCE /* Topic.swift in Sources */ = {isa = PBXBuildFile; fileRef = C4475BB02D8FF61300B68CCE /* Topic.swift */; };
		C4475BB32DBFB5F800B68CCE /* Handler.swift in Sources */ = {isa = PBXBuildFile; fileRef = C4475BB22DBFB5F800B68CCE /* Handler.swift */; };
		C49F995D2B5A508200047CAA /* MessageManager.swift in Sources */ = {isa = PBXBuildFile; fileRef = C49F995C2B5A508200047CAA /* MessageManager.swift */; };
		C49F99652B5B7B1400047CAA /* GameRelay.swift in Sources */ = {isa = PBXBuildFile; fileRef = C49F99642B5B7B1400047CAA /* GameRelay.swift */; };
		C49F99692B5B7EF000047CAA /* ObjcSide.m in Sources */ = {isa = PBXBuildFile; fileRef = C49F99682B5B7EF000047CAA /* ObjcSide.m */; };
		C49F99902B5CB1BF00047CAA /* Messenger.swift in Sources */ = {isa = PBXBuildFile; fileRef = C49F998F2B5CB1BF00047CAA /* Messenger.swift */; };
		C4B08F612B5A47520082917E /* Node.swift in Sources */ = {isa = PBXBuildFile; fileRef = C4B08F602B5A47520082917E /* Node.swift */; };
		C4B08F642B5A49D40082917E /* MessageMediator.swift in Sources */ = {isa = PBXBuildFile; fileRef = C4B08F632B5A49D40082917E /* MessageMediator.swift */; };
		C4B08F662B5A4A270082917E /* MessageMediatorImpl.swift in Sources */ = {isa = PBXBuildFile; fileRef = C4B08F652B5A4A270082917E /* MessageMediatorImpl.swift */; };
		C4E1B40C2C8361D100381FE8 /* Publisher.swift in Sources */ = {isa = PBXBuildFile; fileRef = C4E1B40B2C8361D100381FE8 /* Publisher.swift */; };
		C4E1B40E2C83624D00381FE8 /* Receiver.swift in Sources */ = {isa = PBXBuildFile; fileRef = C4E1B40D2C83624D00381FE8 /* Receiver.swift */; };
		C4E8A0E72EEEED2B00660527 /* DataExtension.swift in Sources */ = {isa = PBXBuildFile; fileRef = C4E8A0E62EEEED2B00660527 /* DataExtension.swift */; };
		C4E8A0EA2EEEEF0A00660527 /* ModuleLoader.h in Headers */ = {isa = PBXBuildFile; fileRef = C4E8A0E92EEEEF0A00660527 /* ModuleLoader.h */; settings = {ATTRIBUTES = (Public, ); }; };
		C4E8A0EC2EEEEF5A00660527 /* ModuleLoader.m in Sources */ = {isa = PBXBuildFile; fileRef = C4E8A0EB2EEEEF5A00660527 /* ModuleLoader.m */; };
		C4FC07052CB41B5C006EF3EE /* ObjcSide.h in Headers */ = {isa = PBXBuildFile; fileRef = C49F99672B5B7E9900047CAA /* ObjcSide.h */; settings = {ATTRIBUTES = (Public, ); }; };
/* End PBXBuildFile section */

/* Begin PBXContainerItemProxy section */
		C43B5B4A2C5146B700D1C9C1 /* PBXContainerItemProxy */ = {
			isa = PBXContainerItemProxy;
			containerPortal = C4B08F422B5A3E7A0082917E /* Project object */;
			proxyType = 1;
			remoteGlobalIDString = C4B08F4A2B5A3E7A0082917E;
			remoteInfo = iOSPubSub;
		};
/* End PBXContainerItemProxy section */

/* Begin PBXFileReference section */
		C40C9D1A2D5A316000007BEB /* Message.swift */ = {isa = PBXFileReference; lastKnownFileType = sourcecode.swift; path = Message.swift; sourceTree = "<group>"; };
		C40C9D1C2D5B817600007BEB /* SdkInfo.swift */ = {isa = PBXFileReference; lastKnownFileType = sourcecode.swift; path = SdkInfo.swift; sourceTree = "<group>"; };
		C41348D02C54FC9300F2C4F2 /* Watcher.swift */ = {isa = PBXFileReference; lastKnownFileType = sourcecode.swift; path = Watcher.swift; sourceTree = "<group>"; };
		C43B5AF02C4D4BC100D1C9C1 /* Payload.swift */ = {isa = PBXFileReference; lastKnownFileType = sourcecode.swift; path = Payload.swift; sourceTree = "<group>"; };
		C43B5B452C5146B700D1C9C1 /* MiniPubSubTests.xctest */ = {isa = PBXFileReference; explicitFileType = wrapper.cfbundle; includeInIndex = 0; path = MiniPubSubTests.xctest; sourceTree = BUILT_PRODUCTS_DIR; };
		C43B5B472C5146B700D1C9C1 /* MiniPubSubTests.swift */ = {isa = PBXFileReference; lastKnownFileType = sourcecode.swift; path = MiniPubSubTests.swift; sourceTree = "<group>"; };
		C4475BB02D8FF61300B68CCE /* Topic.swift */ = {isa = PBXFileReference; lastKnownFileType = sourcecode.swift; path = Topic.swift; sourceTree = "<group>"; };
		C4475BB22DBFB5F800B68CCE /* Handler.swift */ = {isa = PBXFileReference; lastKnownFileType = sourcecode.swift; path = Handler.swift; sourceTree = "<group>"; };
		C49F995C2B5A508200047CAA /* MessageManager.swift */ = {isa = PBXFileReference; lastKnownFileType = sourcecode.swift; path = MessageManager.swift; sourceTree = "<group>"; };
		C49F99642B5B7B1400047CAA /* GameRelay.swift */ = {isa = PBXFileReference; lastKnownFileType = sourcecode.swift; path = GameRelay.swift; sourceTree = "<group>"; };
		C49F99672B5B7E9900047CAA /* ObjcSide.h */ = {isa = PBXFileReference; lastKnownFileType = sourcecode.c.h; path = ObjcSide.h; sourceTree = "<group>"; };
		C49F99682B5B7EF000047CAA /* ObjcSide.m */ = {isa = PBXFileReference; lastKnownFileType = sourcecode.c.objc; path = ObjcSide.m; sourceTree = "<group>"; };
		C49F998F2B5CB1BF00047CAA /* Messenger.swift */ = {isa = PBXFileReference; lastKnownFileType = sourcecode.swift; path = Messenger.swift; sourceTree = "<group>"; };
		C4B08F4B2B5A3E7A0082917E /* MiniPubSub.framework */ = {isa = PBXFileReference; explicitFileType = wrapper.framework; includeInIndex = 0; path = MiniPubSub.framework; sourceTree = BUILT_PRODUCTS_DIR; };
		C4B08F602B5A47520082917E /* Node.swift */ = {isa = PBXFileReference; lastKnownFileType = sourcecode.swift; path = Node.swift; sourceTree = "<group>"; };
		C4B08F632B5A49D40082917E /* MessageMediator.swift */ = {isa = PBXFileReference; lastKnownFileType = sourcecode.swift; path = MessageMediator.swift; sourceTree = "<group>"; };
		C4B08F652B5A4A270082917E /* MessageMediatorImpl.swift */ = {isa = PBXFileReference; lastKnownFileType = sourcecode.swift; path = MessageMediatorImpl.swift; sourceTree = "<group>"; };
		C4E1B40B2C8361D100381FE8 /* Publisher.swift */ = {isa = PBXFileReference; lastKnownFileType = sourcecode.swift; path = Publisher.swift; sourceTree = "<group>"; };
		C4E1B40D2C83624D00381FE8 /* Receiver.swift */ = {isa = PBXFileReference; lastKnownFileType = sourcecode.swift; path = Receiver.swift; sourceTree = "<group>"; };
		C4E8A0E62EEEED2B00660527 /* DataExtension.swift */ = {isa = PBXFileReference; lastKnownFileType = sourcecode.swift; path = DataExtension.swift; sourceTree = "<group>"; };
		C4E8A0E92EEEEF0A00660527 /* ModuleLoader.h */ = {isa = PBXFileReference; lastKnownFileType = sourcecode.c.h; path = ModuleLoader.h; sourceTree = "<group>"; };
		C4E8A0EB2EEEEF5A00660527 /* ModuleLoader.m */ = {isa = PBXFileReference; lastKnownFileType = sourcecode.c.objc; path = ModuleLoader.m; sourceTree = "<group>"; };
/* End PBXFileReference section */

/* Begin PBXFrameworksBuildPhase section */
		C43B5B422C5146B700D1C9C1 /* Frameworks */ = {
			isa = PBXFrameworksBuildPhase;
			buildActionMask = 2147483647;
			files = (
				C43B5B492C5146B700D1C9C1 /* MiniPubSub.framework in Frameworks */,
			);
			runOnlyForDeploymentPostprocessing = 0;
		};
		C4B08F482B5A3E7A0082917E /* Frameworks */ = {
			isa = PBXFrameworksBuildPhase;
			buildActionMask = 2147483647;
			files = (
			);
			runOnlyForDeploymentPostprocessing = 0;
		};
/* End PBXFrameworksBuildPhase section */

/* Begin PBXGroup section */
		C43B5AF22C4D521300D1C9C1 /* Data */ = {
			isa = PBXGroup;
			children = (
				C43B5AF02C4D4BC100D1C9C1 /* Payload.swift */,
				C40C9D1A2D5A316000007BEB /* Message.swift */,
				C40C9D1C2D5B817600007BEB /* SdkInfo.swift */,
				C4475BB02D8FF61300B68CCE /* Topic.swift */,
				C4E8A0E62EEEED2B00660527 /* DataExtension.swift */,
			);
			path = Data;
			sourceTree = "<group>";
		};
		C43B5B462C5146B700D1C9C1 /* MiniPubSubTests */ = {
			isa = PBXGroup;
			children = (
				C43B5B472C5146B700D1C9C1 /* MiniPubSubTests.swift */,
			);
			path = MiniPubSubTests;
			sourceTree = "<group>";
		};
		C4B08F412B5A3E7A0082917E = {
			isa = PBXGroup;
			children = (
				C4B08F4D2B5A3E7A0082917E /* MiniPubSub */,
				C43B5B462C5146B700D1C9C1 /* MiniPubSubTests */,
				C4B08F4C2B5A3E7A0082917E /* Products */,
			);
			sourceTree = "<group>";
		};
		C4B08F4C2B5A3E7A0082917E /* Products */ = {
			isa = PBXGroup;
			children = (
				C4B08F4B2B5A3E7A0082917E /* MiniPubSub.framework */,
				C43B5B452C5146B700D1C9C1 /* MiniPubSubTests.xctest */,
			);
			name = Products;
			sourceTree = "<group>";
		};
		C4B08F4D2B5A3E7A0082917E /* MiniPubSub */ = {
			isa = PBXGroup;
			children = (
				C4B08F5B2B5A43870082917E /* PubSub */,
				C4B08F552B5A3E900082917E /* Bridge */,
			);
			path = MiniPubSub;
			sourceTree = "<group>";
		};
		C4B08F552B5A3E900082917E /* Bridge */ = {
			isa = PBXGroup;
			children = (
				C49F99642B5B7B1400047CAA /* GameRelay.swift */,
				C49F99672B5B7E9900047CAA /* ObjcSide.h */,
				C49F99682B5B7EF000047CAA /* ObjcSide.m */,
			);
			path = Bridge;
			sourceTree = "<group>";
		};
		C4B08F5B2B5A43870082917E /* PubSub */ = {
			isa = PBXGroup;
			children = (
				C4E8A0E82EEEEED800660527 /* Module */,
				C43B5AF22C4D521300D1C9C1 /* Data */,
				C4B08F632B5A49D40082917E /* MessageMediator.swift */,
				C4B08F652B5A4A270082917E /* MessageMediatorImpl.swift */,
				C49F995C2B5A508200047CAA /* MessageManager.swift */,
				C49F998F2B5CB1BF00047CAA /* Messenger.swift */,
				C4B08F602B5A47520082917E /* Node.swift */,
				C41348D02C54FC9300F2C4F2 /* Watcher.swift */,
				C4E1B40B2C8361D100381FE8 /* Publisher.swift */,
				C4E1B40D2C83624D00381FE8 /* Receiver.swift */,
				C4475BB22DBFB5F800B68CCE /* Handler.swift */,
			);
			path = PubSub;
			sourceTree = "<group>";
		};
		C4E8A0E82EEEEED800660527 /* Module */ = {
			isa = PBXGroup;
			children = (
				C4E8A0E92EEEEF0A00660527 /* ModuleLoader.h */,
				C4E8A0EB2EEEEF5A00660527 /* ModuleLoader.m */,
			);
			path = Module;
			sourceTree = "<group>";
		};
/* End PBXGroup section */

/* Begin PBXHeadersBuildPhase section */
		C4B08F462B5A3E7A0082917E /* Headers */ = {
			isa = PBXHeadersBuildPhase;
			buildActionMask = 2147483647;
			files = (
				C4FC07052CB41B5C006EF3EE /* ObjcSide.h in Headers */,
				C4E8A0EA2EEEEF0A00660527 /* ModuleLoader.h in Headers */,
			);
			runOnlyForDeploymentPostprocessing = 0;
		};
/* End PBXHeadersBuildPhase section */

/* Begin PBXNativeTarget section */
		C43B5B442C5146B700D1C9C1 /* MiniPubSubTests */ = {
			isa = PBXNativeTarget;
			buildConfigurationList = C43B5B4C2C5146B700D1C9C1 /* Build configuration list for PBXNativeTarget "MiniPubSubTests" */;
			buildPhases = (
				C43B5B412C5146B700D1C9C1 /* Sources */,
				C43B5B422C5146B700D1C9C1 /* Frameworks */,
				C43B5B432C5146B700D1C9C1 /* Resources */,
			);
			buildRules = (
			);
			dependencies = (
				C43B5B4B2C5146B700D1C9C1 /* PBXTargetDependency */,
			);
			name = MiniPubSubTests;
			productName = iOSPubSubTests;
			productReference = C43B5B452C5146B700D1C9C1 /* MiniPubSubTests.xctest */;
			productType = "com.apple.product-type.bundle.unit-test";
		};
		C4B08F4A2B5A3E7A0082917E /* MiniPubSub */ = {
			isa = PBXNativeTarget;
			buildConfigurationList = C4B08F522B5A3E7A0082917E /* Build configuration list for PBXNativeTarget "MiniPubSub" */;
			buildPhases = (
				C4B08F462B5A3E7A0082917E /* Headers */,
				C4B08F472B5A3E7A0082917E /* Sources */,
				C4B08F482B5A3E7A0082917E /* Frameworks */,
				C4B08F492B5A3E7A0082917E /* Resources */,
			);
			buildRules = (
			);
			dependencies = (
			);
			name = MiniPubSub;
			productName = iOSCore;
			productReference = C4B08F4B2B5A3E7A0082917E /* MiniPubSub.framework */;
			productType = "com.apple.product-type.framework";
		};
/* End PBXNativeTarget section */

/* Begin PBXProject section */
		C4B08F422B5A3E7A0082917E /* Project object */ = {
			isa = PBXProject;
			attributes = {
				BuildIndependentTargetsInParallel = 1;
				LastSwiftUpdateCheck = 1520;
				LastUpgradeCheck = 1520;
				TargetAttributes = {
					C43B5B442C5146B700D1C9C1 = {
						CreatedOnToolsVersion = 15.2;
					};
					C4B08F4A2B5A3E7A0082917E = {
						CreatedOnToolsVersion = 15.2;
						LastSwiftMigration = 1520;
					};
				};
			};
			buildConfigurationList = C4B08F452B5A3E7A0082917E /* Build configuration list for PBXProject "MiniPubSub" */;
			compatibilityVersion = "Xcode 14.0";
			developmentRegion = en;
			hasScannedForEncodings = 0;
			knownRegions = (
				en,
				Base,
			);
			mainGroup = C4B08F412B5A3E7A0082917E;
			productRefGroup = C4B08F4C2B5A3E7A0082917E /* Products */;
			projectDirPath = "";
			projectRoot = "";
			targets = (
				C4B08F4A2B5A3E7A0082917E /* MiniPubSub */,
				C43B5B442C5146B700D1C9C1 /* MiniPubSubTests */,
			);
		};
/* End PBXProject section */

/* Begin PBXResourcesBuildPhase section */
		C43B5B432C5146B700D1C9C1 /* Resources */ = {
			isa = PBXResourcesBuildPhase;
			buildActionMask = 2147483647;
			files = (
			);
			runOnlyForDeploymentPostprocessing = 0;
		};
		C4B08F492B5A3E7A0082917E /* Resources */ = {
			isa = PBXResourcesBuildPhase;
			buildActionMask = 2147483647;
			files = (
			);
			runOnlyForDeploymentPostprocessing = 0;
		};
/* End PBXResourcesBuildPhase section */

/* Begin PBXSourcesBuildPhase section */
		C43B5B412C5146B700D1C9C1 /* Sources */ = {
			isa = PBXSourcesBuildPhase;
			buildActionMask = 2147483647;
			files = (
				C43B5B482C5146B700D1C9C1 /* MiniPubSubTests.swift in Sources */,
			);
			runOnlyForDeploymentPostprocessing = 0;
		};
		C4B08F472B5A3E7A0082917E /* Sources */ = {
			isa = PBXSourcesBuildPhase;
			buildActionMask = 2147483647;
			files = (
				C4E8A0EC2EEEEF5A00660527 /* ModuleLoader.m in Sources */,
				C40C9D1D2D5B817600007BEB /* SdkInfo.swift in Sources */,
				C4475BB12D8FF61300B68CCE /* Topic.swift in Sources */,
				C49F99692B5B7EF000047CAA /* ObjcSide.m in Sources */,
				C4475BB32DBFB5F800B68CCE /* Handler.swift in Sources */,
				C40C9D1B2D5A316000007BEB /* Message.swift in Sources */,
				C4E8A0E72EEEED2B00660527 /* DataExtension.swift in Sources */,
				C41348D12C54FC9300F2C4F2 /* Watcher.swift in Sources */,
				C4B08F642B5A49D40082917E /* MessageMediator.swift in Sources */,
				C49F99902B5CB1BF00047CAA /* Messenger.swift in Sources */,
				C4B08F662B5A4A270082917E /* MessageMediatorImpl.swift in Sources */,
				C4E1B40E2C83624D00381FE8 /* Receiver.swift in Sources */,
				C4B08F612B5A47520082917E /* Node.swift in Sources */,
				C49F99652B5B7B1400047CAA /* GameRelay.swift in Sources */,
				C43B5AF12C4D4BC100D1C9C1 /* Payload.swift in Sources */,
				C4E1B40C2C8361D100381FE8 /* Publisher.swift in Sources */,
				C49F995D2B5A508200047CAA /* MessageManager.swift in Sources */,
			);
			runOnlyForDeploymentPostprocessing = 0;
		};
/* End PBXSourcesBuildPhase section */

/* Begin PBXTargetDependency section */
		C43B5B4B2C5146B700D1C9C1 /* PBXTargetDependency */ = {
			isa = PBXTargetDependency;
			target = C4B08F4A2B5A3E7A0082917E /* MiniPubSub */;
			targetProxy = C43B5B4A2C5146B700D1C9C1 /* PBXContainerItemProxy */;
		};
/* End PBXTargetDependency section */

/* Begin XCBuildConfiguration section */
		C43B5B4D2C5146B700D1C9C1 /* Debug */ = {
			isa = XCBuildConfiguration;
			buildSettings = {
				"CODE_SIGN_IDENTITY[sdk=macosx*]" = "Apple Development";
				CODE_SIGN_STYLE = Automatic;
				CURRENT_PROJECT_VERSION = 1;
				DEVELOPMENT_TEAM = P37JRK8N7P;
				GENERATE_INFOPLIST_FILE = YES;
				IPHONEOS_DEPLOYMENT_TARGET = 13.0;
				MARKETING_VERSION = 1.0;
				PRODUCT_BUNDLE_IDENTIFIER = com.minisdk.pubsubTests;
				PRODUCT_NAME = "$(TARGET_NAME)";
				SWIFT_EMIT_LOC_STRINGS = NO;
				SWIFT_VERSION = 5.0;
				TARGETED_DEVICE_FAMILY = "1,2";
			};
			name = Debug;
		};
		C43B5B4E2C5146B700D1C9C1 /* Release */ = {
			isa = XCBuildConfiguration;
			buildSettings = {
				"CODE_SIGN_IDENTITY[sdk=macosx*]" = "Apple Development";
				CODE_SIGN_STYLE = Automatic;
				CURRENT_PROJECT_VERSION = 1;
				DEVELOPMENT_TEAM = P37JRK8N7P;
				GENERATE_INFOPLIST_FILE = YES;
				IPHONEOS_DEPLOYMENT_TARGET = 13.0;
				MARKETING_VERSION = 1.0;
				PRODUCT_BUNDLE_IDENTIFIER = com.minisdk.pubsubTests;
				PRODUCT_NAME = "$(TARGET_NAME)";
				SWIFT_EMIT_LOC_STRINGS = NO;
				SWIFT_VERSION = 5.0;
				TARGETED_DEVICE_FAMILY = "1,2";
			};
			name = Release;
		};
		C4B08F502B5A3E7A0082917E /* Debug */ = {
			isa = XCBuildConfiguration;
			buildSettings = {
				ALWAYS_SEARCH_USER_PATHS = NO;
				ASSETCATALOG_COMPILER_GENERATE_SWIFT_ASSET_SYMBOL_EXTENSIONS = YES;
				CLANG_ANALYZER_NONNULL = YES;
				CLANG_ANALYZER_NUMBER_OBJECT_CONVERSION = YES_AGGRESSIVE;
				CLANG_CXX_LANGUAGE_STANDARD = "gnu++20";
				CLANG_ENABLE_MODULES = YES;
				CLANG_ENABLE_OBJC_ARC = YES;
				CLANG_ENABLE_OBJC_WEAK = YES;
				CLANG_WARN_BLOCK_CAPTURE_AUTORELEASING = YES;
				CLANG_WARN_BOOL_CONVERSION = YES;
				CLANG_WARN_COMMA = YES;
				CLANG_WARN_CONSTANT_CONVERSION = YES;
				CLANG_WARN_DEPRECATED_OBJC_IMPLEMENTATIONS = YES;
				CLANG_WARN_DIRECT_OBJC_ISA_USAGE = YES_ERROR;
				CLANG_WARN_DOCUMENTATION_COMMENTS = YES;
				CLANG_WARN_EMPTY_BODY = YES;
				CLANG_WARN_ENUM_CONVERSION = YES;
				CLANG_WARN_INFINITE_RECURSION = YES;
				CLANG_WARN_INT_CONVERSION = YES;
				CLANG_WARN_NON_LITERAL_NULL_CONVERSION = YES;
				CLANG_WARN_OBJC_IMPLICIT_RETAIN_SELF = YES;
				CLANG_WARN_OBJC_LITERAL_CONVERSION = YES;
				CLANG_WARN_OBJC_ROOT_CLASS = YES_ERROR;
				CLANG_WARN_QUOTED_INCLUDE_IN_FRAMEWORK_HEADER = YES;
				CLANG_WARN_RANGE_LOOP_ANALYSIS = YES;
				CLANG_WARN_STRICT_PROTOTYPES = YES;
				CLANG_WARN_SUSPICIOUS_MOVE = YES;
				CLANG_WARN_UNGUARDED_AVAILABILITY = YES_AGGRESSIVE;
				CLANG_WARN_UNREACHABLE_CODE = YES;
				CLANG_WARN__DUPLICATE_METHOD_MATCH = YES;
				COPY_PHASE_STRIP = NO;
				CURRENT_PROJECT_VERSION = 1;
				DEBUG_INFORMATION_FORMAT = dwarf;
				DEFINES_MODULE = NO;
				ENABLE_STRICT_OBJC_MSGSEND = YES;
				ENABLE_TESTABILITY = YES;
				ENABLE_TESTING_SEARCH_PATHS = YES;
				ENABLE_USER_SCRIPT_SANDBOXING = YES;
				GCC_C_LANGUAGE_STANDARD = gnu17;
				GCC_DYNAMIC_NO_PIC = NO;
				GCC_NO_COMMON_BLOCKS = YES;
				GCC_OPTIMIZATION_LEVEL = 0;
				GCC_PREPROCESSOR_DEFINITIONS = (
					"DEBUG=1",
					"$(inherited)",
				);
				GCC_WARN_64_TO_32_BIT_CONVERSION = YES;
				GCC_WARN_ABOUT_RETURN_TYPE = YES_ERROR;
				GCC_WARN_UNDECLARED_SELECTOR = YES;
				GCC_WARN_UNINITIALIZED_AUTOS = YES_AGGRESSIVE;
				GCC_WARN_UNUSED_FUNCTION = YES;
				GCC_WARN_UNUSED_VARIABLE = YES;
				IPHONEOS_DEPLOYMENT_TARGET = 12.0;
				LOCALIZATION_PREFERS_STRING_CATALOGS = YES;
				MTL_ENABLE_DEBUG_INFO = INCLUDE_SOURCE;
				MTL_FAST_MATH = YES;
				ONLY_ACTIVE_ARCH = YES;
				SDKROOT = iphoneos;
				SWIFT_ACTIVE_COMPILATION_CONDITIONS = "DEBUG $(inherited)";
				SWIFT_OPTIMIZATION_LEVEL = "-Onone";
				VERSIONING_SYSTEM = "apple-generic";
				VERSION_INFO_PREFIX = "";
			};
			name = Debug;
		};
		C4B08F512B5A3E7A0082917E /* Release */ = {
			isa = XCBuildConfiguration;
			buildSettings = {
				ALWAYS_SEARCH_USER_PATHS = NO;
				ASSETCATALOG_COMPILER_GENERATE_SWIFT_ASSET_SYMBOL_EXTENSIONS = YES;
				CLANG_ANALYZER_NONNULL = YES;
				CLANG_ANALYZER_NUMBER_OBJECT_CONVERSION = YES_AGGRESSIVE;
				CLANG_CXX_LANGUAGE_STANDARD = "gnu++20";
				CLANG_ENABLE_MODULES = YES;
				CLANG_ENABLE_OBJC_ARC = YES;
				CLANG_ENABLE_OBJC_WEAK = YES;
				CLANG_WARN_BLOCK_CAPTURE_AUTORELEASING = YES;
				CLANG_WARN_BOOL_CONVERSION = YES;
				CLANG_WARN_COMMA = YES;
				CLANG_WARN_CONSTANT_CONVERSION = YES;
				CLANG_WARN_DEPRECATED_OBJC_IMPLEMENTATIONS = YES;
				CLANG_WARN_DIRECT_OBJC_ISA_USAGE = YES_ERROR;
				CLANG_WARN_DOCUMENTATION_COMMENTS = YES;
				CLANG_WARN_EMPTY_BODY = YES;
				CLANG_WARN_ENUM_CONVERSION = YES;
				CLANG_WARN_INFINITE_RECURSION = YES;
				CLANG_WARN_INT_CONVERSION = YES;
				CLANG_WARN_NON_LITERAL_NULL_CONVERSION = YES;
				CLANG_WARN_OBJC_IMPLICIT_RETAIN_SELF = YES;
				CLANG_WARN_OBJC_LITERAL_CONVERSION = YES;
				CLANG_WARN_OBJC_ROOT_CLASS = YES_ERROR;
				CLANG_WARN_QUOTED_INCLUDE_IN_FRAMEWORK_HEADER = YES;
				CLANG_WARN_RANGE_LOOP_ANALYSIS = YES;
				CLANG_WARN_STRICT_PROTOTYPES = YES;
				CLANG_WARN_SUSPICIOUS_MOVE = YES;
				CLANG_WARN_UNGUARDED_AVAILABILITY = YES_AGGRESSIVE;
				CLANG_WARN_UNREACHABLE_CODE = YES;
				CLANG_WARN__DUPLICATE_METHOD_MATCH = YES;
				COPY_PHASE_STRIP = NO;
				CURRENT_PROJECT_VERSION = 1;
				DEBUG_INFORMATION_FORMAT = "dwarf-with-dsym";
				DEFINES_MODULE = NO;
				ENABLE_NS_ASSERTIONS = NO;
				ENABLE_STRICT_OBJC_MSGSEND = YES;
				ENABLE_TESTING_SEARCH_PATHS = YES;
				ENABLE_USER_SCRIPT_SANDBOXING = YES;
				GCC_C_LANGUAGE_STANDARD = gnu17;
				GCC_NO_COMMON_BLOCKS = YES;
				GCC_WARN_64_TO_32_BIT_CONVERSION = YES;
				GCC_WARN_ABOUT_RETURN_TYPE = YES_ERROR;
				GCC_WARN_UNDECLARED_SELECTOR = YES;
				GCC_WARN_UNINITIALIZED_AUTOS = YES_AGGRESSIVE;
				GCC_WARN_UNUSED_FUNCTION = YES;
				GCC_WARN_UNUSED_VARIABLE = YES;
				IPHONEOS_DEPLOYMENT_TARGET = 12.0;
				LOCALIZATION_PREFERS_STRING_CATALOGS = YES;
				MTL_ENABLE_DEBUG_INFO = NO;
				MTL_FAST_MATH = YES;
				SDKROOT = iphoneos;
				SWIFT_COMPILATION_MODE = wholemodule;
				VALIDATE_PRODUCT = YES;
				VERSIONING_SYSTEM = "apple-generic";
				VERSION_INFO_PREFIX = "";
			};
			name = Release;
		};
		C4B08F532B5A3E7A0082917E /* Debug */ = {
			isa = XCBuildConfiguration;
			buildSettings = {
				CLANG_ENABLE_MODULES = YES;
				CODE_SIGN_IDENTITY = "Apple Development";
				CODE_SIGN_STYLE = Automatic;
				CURRENT_PROJECT_VERSION = 1;
				DEFINES_MODULE = YES;
				DEVELOPMENT_TEAM = P37JRK8N7P;
				DYLIB_COMPATIBILITY_VERSION = 1;
				DYLIB_CURRENT_VERSION = 1;
				DYLIB_INSTALL_NAME_BASE = "@rpath";
				ENABLE_MODULE_VERIFIER = YES;
				GENERATE_INFOPLIST_FILE = YES;
				INFOPLIST_KEY_NSHumanReadableCopyright = "";
				INSTALL_PATH = "$(LOCAL_LIBRARY_DIR)/Frameworks";
				IPHONEOS_DEPLOYMENT_TARGET = 12.0;
				LD_RUNPATH_SEARCH_PATHS = (
					"$(inherited)",
					"@executable_path/Frameworks",
					"@loader_path/Frameworks",
				);
				MACH_O_TYPE = staticlib;
				MARKETING_VERSION = 0.1.1;
				MODULE_VERIFIER_SUPPORTED_LANGUAGES = "objective-c objective-c++";
				MODULE_VERIFIER_SUPPORTED_LANGUAGE_STANDARDS = "gnu17 gnu++20";
				PRODUCT_BUNDLE_IDENTIFIER = com.minsdk.pubsub;
				PRODUCT_NAME = "$(TARGET_NAME:c99extidentifier)";
				PROVISIONING_PROFILE_SPECIFIER = "";
				SKIP_INSTALL = YES;
				SWIFT_EMIT_LOC_STRINGS = YES;
				SWIFT_OBJC_BRIDGING_HEADER = "";
				SWIFT_OPTIMIZATION_LEVEL = "-Onone";
				SWIFT_VERSION = 5.0;
				TARGETED_DEVICE_FAMILY = "1,2";
			};
			name = Debug;
		};
		C4B08F542B5A3E7A0082917E /* Release */ = {
			isa = XCBuildConfiguration;
			buildSettings = {
				CLANG_ENABLE_MODULES = YES;
				CODE_SIGN_IDENTITY = "Apple Development";
				CODE_SIGN_STYLE = Automatic;
				CURRENT_PROJECT_VERSION = 1;
				DEFINES_MODULE = YES;
				DEVELOPMENT_TEAM = P37JRK8N7P;
				DYLIB_COMPATIBILITY_VERSION = 1;
				DYLIB_CURRENT_VERSION = 1;
				DYLIB_INSTALL_NAME_BASE = "@rpath";
				ENABLE_MODULE_VERIFIER = YES;
				GENERATE_INFOPLIST_FILE = YES;
				INFOPLIST_KEY_NSHumanReadableCopyright = "";
				INSTALL_PATH = "$(LOCAL_LIBRARY_DIR)/Frameworks";
				IPHONEOS_DEPLOYMENT_TARGET = 12.0;
				LD_RUNPATH_SEARCH_PATHS = (
					"$(inherited)",
					"@executable_path/Frameworks",
					"@loader_path/Frameworks",
				);
				MACH_O_TYPE = staticlib;
				MARKETING_VERSION = 0.1.1;
				MODULE_VERIFIER_SUPPORTED_LANGUAGES = "objective-c objective-c++";
				MODULE_VERIFIER_SUPPORTED_LANGUAGE_STANDARDS = "gnu17 gnu++20";
				PRODUCT_BUNDLE_IDENTIFIER = com.minsdk.pubsub;
				PRODUCT_NAME = "$(TARGET_NAME:c99extidentifier)";
				PROVISIONING_PROFILE_SPECIFIER = "";
				SKIP_INSTALL = YES;
				SWIFT_EMIT_LOC_STRINGS = YES;
				SWIFT_OBJC_BRIDGING_HEADER = "";
				SWIFT_VERSION = 5.0;
				TARGETED_DEVICE_FAMILY = "1,2";
			};
			name = Release;
		};
/* End XCBuildConfiguration section */

/* Begin XCConfigurationList section */
		C43B5B4C2C5146B700D1C9C1 /* Build configuration list for PBXNativeTarget "MiniPubSubTests" */ = {
			isa = XCConfigurationList;
			buildConfigurations = (
				C43B5B4D2C5146B700D1C9C1 /* Debug */,
				C43B5B4E2C5146B700D1C9C1 /* Release */,
			);
			defaultConfigurationIsVisible = 0;
			defaultConfigurationName = Release;
		};
		C4B08F452B5A3E7A0082917E /* Build configuration list for PBXProject "MiniPubSub" */ = {
			isa = XCConfigurationList;
			buildConfigurations = (
				C4B08F502B5A3E7A0082917E /* Debug */,
				C4B08F512B5A3E7A0082917E /* Release */,
			);
			defaultConfigurationIsVisible = 0;
			defaultConfigurationName = Release;
		};
		C4B08F522B5A3E7A0082917E /* Build configuration list for PBXNativeTarget "MiniPubSub" */ = {
			isa = XCConfigurationList;
			buildConfigurations = (
				C4B08F532B5A3E7A0082917E /* Debug */,
				C4B08F542B5A3E7A0082917E /* Release */,
			);
			defaultConfigurationIsVisible = 0;
			defaultConfigurationName = Release;
		};
/* End XCConfigurationList section */
	};
	rootObject = C4B08F422B5A3E7A0082917E /* Project object */;
}
